# @generated by Move, please check-in and do not edit manually.

[move]
version = 3
manifest_digest = "CED336859AE350039D0FACE9AC77985CEFF62E16F831D760B11B7C48539D6BB3"
deps_digest = "F8BBB0CCB2491CA29A3DF03D6F92277A4F3574266507ACD77214D37ECA3F3082"
dependencies = [
  { id = "Sui", name = "Sui" },
]

[[move.package]]
id = "MoveStdlib"
source = { git = "https://github.com/MystenLabs/sui.git", rev = "framework/mainnet", subdir = "crates/sui-framework/packages/move-stdlib" }

[[move.package]]
id = "Sui"
source = { git = "https://github.com/MystenLabs/sui.git", rev = "framework/mainnet", subdir = "crates/sui-framework/packages/sui-framework" }

dependencies = [
  { id = "MoveStdlib", name = "MoveStdlib" },
]

[move.toolchain-version]
compiler-version = "1.38.3"
edition = "2024.beta"
flavor = "sui"

[env]

[env.testnet]
chain-id = "4c78adac"
original-published-id = "0x83f9058e471957e7e5a5741d032de30d29de9c6fb97793fab71b4f4dbb0e36c6"
latest-published-id = "0x83f9058e471957e7e5a5741d032de30d29de9c6fb97793fab71b4f4dbb0e36c6"
published-version = "1"

[env.locale]
chain-id = "b42bd2be"
original-published-id = "0xf13a7e91e291b50224e834b7d677a9c33c606505d835d8d3ddd42e40d180940d"
latest-published-id = "0xf13a7e91e291b50224e834b7d677a9c33c606505d835d8d3ddd42e40d180940d"
published-version = "1"

[env.mainnet]
chain-id = "35834a8a"
original-published-id = "0x5f106c32bb5089e06afd8840d1f7c6b0202ee1746ab9a4d619c913fcfb9120b6"
latest-published-id = "0x5f106c32bb5089e06afd8840d1f7c6b0202ee1746ab9a4d619c913fcfb9120b6"
published-version = "1"

[env.local]
chain-id = "0775939c"
original-published-id = "0xdbf722a63d7efb6371208557841813d832117565f63e73dc9f199dc47a775480"
latest-published-id = "0xdbf722a63d7efb6371208557841813d832117565f63e73dc9f199dc47a775480"
published-version = "1"

[env.localnet]
chain-id = "6e25c0b1"
original-published-id = "0xd55a4e16743bcb2933b602593fbc1117d50e83f1b593cf53e80a7de2f8e8874c"
latest-published-id = "0xd55a4e16743bcb2933b602593fbc1117d50e83f1b593cf53e80a7de2f8e8874c"
published-version = "1"
