# Generated by move; do not edit
# This file should be checked in.

[move]
version = 4

[pinned.mainnet.Bridge]
source = { git = "https://github.com/MystenLabs/sui.git", subdir = "crates/sui-framework/packages/bridge", rev = "655576caa3d7faaed39ebbc15d1bcc91d0761aee" }
use_environment = "mainnet"
manifest_digest = "FA55F5E195D94C3C2B182BA11AE2F62BD66880623F9D0A4A06544183F9C8319E"
deps = { MoveStdlib = "MoveStdlib", Sui = "Sui", SuiSystem = "SuiSystem" }

[pinned.mainnet.MoveStdlib]
source = { git = "https://github.com/MystenLabs/sui.git", subdir = "crates/sui-framework/packages/move-stdlib", rev = "655576caa3d7faaed39ebbc15d1bcc91d0761aee" }
use_environment = "mainnet"
manifest_digest = "C4FE4C91DE74CBF223B2E380AE40F592177D21870DC2D7EB6227D2D694E05363"
deps = {}

[pinned.mainnet.Sui]
source = { git = "https://github.com/MystenLabs/sui.git", subdir = "crates/sui-framework/packages/sui-framework", rev = "655576caa3d7faaed39ebbc15d1bcc91d0761aee" }
use_environment = "mainnet"
manifest_digest = "CD547CB1ACCE0880C835DAED2D8FFCB91D56C833AE5240D3AA5B918398263195"
deps = { MoveStdlib = "MoveStdlib" }

[pinned.mainnet.SuiSystem]
source = { git = "https://github.com/MystenLabs/sui.git", subdir = "crates/sui-framework/packages/sui-system", rev = "655576caa3d7faaed39ebbc15d1bcc91d0761aee" }
use_environment = "mainnet"
manifest_digest = "CCBB2DE961DACC94644C65D54E808DEF86BC7E9C42A494D5250CC5F99392E069"
deps = { MoveStdlib = "MoveStdlib", Sui = "Sui" }

[pinned.mainnet.price_feed_sui]
source = { root = true }
use_environment = "mainnet"
manifest_digest = "0AAD84BB8CEBFD7AD8FB950E557CFAE2BFFFB96857808CB9654F8B93334B7D38"
deps = { bridge = "Bridge", redstone_price_adapter = "redstone_price_adapter", std = "MoveStdlib", sui = "Sui", sui_system = "SuiSystem" }

[pinned.mainnet.redstone_price_adapter]
source = { local = "../price_adapter" }
use_environment = "mainnet"
manifest_digest = "E41BBD67BE8940D26C79D78B028477EF5B33BA217A1282C78ACB344CF8A5ECF6"
deps = { std = "MoveStdlib", sui = "Sui" }
