[[package]]
name = "common"
source = "path+from-root-3A2336EE93C62038"
dependencies = ["std"]

[[package]]
name = "core"
source = "path+from-root-4BA3A18A2D620E67"

[[package]]
name = "redstone"
source = "git+https://github.com/redstone-finance/redstone-fuel-sdk?tag=testnet-0.64.0#9f02688f48a8cbff189e518a37e4b611e9f2df01"
dependencies = ["std"]

[[package]]
name = "redstone_core"
source = "member"
dependencies = [
    "common",
    "redstone",
    "std",
]

[[package]]
name = "std"
source = "git+https://github.com/fuellabs/sway?tag=v0.64.0#2156bfbbee01ffb85bfca2aae8f185f8e7c715a4"
dependencies = ["core"]
