# Generated by move; do not edit
# This file should be checked in.

[move]
version = 4

[pinned.mainnet.Bridge]
source = { git = "https://github.com/MystenLabs/sui.git", subdir = "crates/sui-framework/packages/bridge", rev = "655576caa3d7faaed39ebbc15d1bcc91d0761aee" }
use_environment = "mainnet"
manifest_digest = "FA55F5E195D94C3C2B182BA11AE2F62BD66880623F9D0A4A06544183F9C8319E"
deps = { MoveStdlib = "MoveStdlib", Sui = "Sui", SuiSystem = "SuiSystem" }

[pinned.mainnet.MoveStdlib]
source = { git = "https://github.com/MystenLabs/sui.git", subdir = "crates/sui-framework/packages/move-stdlib", rev = "655576caa3d7faaed39ebbc15d1bcc91d0761aee" }
use_environment = "mainnet"
manifest_digest = "C4FE4C91DE74CBF223B2E380AE40F592177D21870DC2D7EB6227D2D694E05363"
deps = {}

[pinned.mainnet.Sui]
source = { git = "https://github.com/MystenLabs/sui.git", subdir = "crates/sui-framework/packages/sui-framework", rev = "655576caa3d7faaed39ebbc15d1bcc91d0761aee" }
use_environment = "mainnet"
manifest_digest = "CD547CB1ACCE0880C835DAED2D8FFCB91D56C833AE5240D3AA5B918398263195"
deps = { MoveStdlib = "MoveStdlib" }

[pinned.mainnet.SuiSystem]
source = { git = "https://github.com/MystenLabs/sui.git", subdir = "crates/sui-framework/packages/sui-system", rev = "655576caa3d7faaed39ebbc15d1bcc91d0761aee" }
use_environment = "mainnet"
manifest_digest = "CCBB2DE961DACC94644C65D54E808DEF86BC7E9C42A494D5250CC5F99392E069"
deps = { MoveStdlib = "MoveStdlib", Sui = "Sui" }

[pinned.mainnet.price_feed_btc]
source = { local = "../price_feed_BTC" }
use_environment = "mainnet"
manifest_digest = "0AAD84BB8CEBFD7AD8FB950E557CFAE2BFFFB96857808CB9654F8B93334B7D38"
deps = { bridge = "Bridge", redstone_price_adapter = "redstone_price_adapter", std = "MoveStdlib", sui = "Sui", sui_system = "SuiSystem" }

[pinned.mainnet.price_feed_example]
source = { root = true }
use_environment = "mainnet"
manifest_digest = "2AA89E62DDDA94FC7FC80FB318AB4F7E41E6F0F688E7379D29FE177C25313DB6"
deps = { price_feed_btc = "price_feed_btc", price_feed_sui = "price_feed_sui", price_feed_usdc = "price_feed_usdc", redstone_price_adapter = "redstone_price_adapter", std = "MoveStdlib", sui = "Sui" }

[pinned.mainnet.price_feed_sui]
source = { local = "../price_feed_SUI" }
use_environment = "mainnet"
manifest_digest = "0AAD84BB8CEBFD7AD8FB950E557CFAE2BFFFB96857808CB9654F8B93334B7D38"
deps = { bridge = "Bridge", redstone_price_adapter = "redstone_price_adapter", std = "MoveStdlib", sui = "Sui", sui_system = "SuiSystem" }

[pinned.mainnet.price_feed_usdc]
source = { local = "../price_feed_USDC" }
use_environment = "mainnet"
manifest_digest = "0AAD84BB8CEBFD7AD8FB950E557CFAE2BFFFB96857808CB9654F8B93334B7D38"
deps = { bridge = "Bridge", redstone_price_adapter = "redstone_price_adapter", std = "MoveStdlib", sui = "Sui", sui_system = "SuiSystem" }

[pinned.mainnet.redstone_price_adapter]
source = { local = "../price_adapter" }
use_environment = "mainnet"
manifest_digest = "E41BBD67BE8940D26C79D78B028477EF5B33BA217A1282C78ACB344CF8A5ECF6"
deps = { std = "MoveStdlib", sui = "Sui" }

[pinned.testnet.Bridge]
source = { git = "https://github.com/MystenLabs/sui.git", subdir = "crates/sui-framework/packages/bridge", rev = "d50b78880fdacb1bbde92e6974ed71a7650c1090" }
use_environment = "testnet"
manifest_digest = "6DE529827A3780291F53AA8F96E049F504F2F8C6ACD7AB111C9AB7A58B121F08"
deps = { MoveStdlib = "MoveStdlib", Sui = "Sui", SuiSystem = "SuiSystem" }

[pinned.testnet.MoveStdlib]
source = { git = "https://github.com/MystenLabs/sui.git", subdir = "crates/sui-framework/packages/move-stdlib", rev = "d50b78880fdacb1bbde92e6974ed71a7650c1090" }
use_environment = "testnet"
manifest_digest = "C4FE4C91DE74CBF223B2E380AE40F592177D21870DC2D7EB6227D2D694E05363"
deps = {}

[pinned.testnet.Sui]
source = { git = "https://github.com/MystenLabs/sui.git", subdir = "crates/sui-framework/packages/sui-framework", rev = "d50b78880fdacb1bbde92e6974ed71a7650c1090" }
use_environment = "testnet"
manifest_digest = "7AFB66695545775FBFBB2D3078ADFD084244D5002392E837FDE21D9EA1C6D01C"
deps = { MoveStdlib = "MoveStdlib" }

[pinned.testnet.SuiSystem]
source = { git = "https://github.com/MystenLabs/sui.git", subdir = "crates/sui-framework/packages/sui-system", rev = "d50b78880fdacb1bbde92e6974ed71a7650c1090" }
use_environment = "testnet"
manifest_digest = "F1655B9F9B8ECE67FDBA648266DD75B48852F63BF2515856E822586882D1CA2A"
deps = { MoveStdlib = "MoveStdlib", Sui = "Sui" }

[pinned.testnet.price_feed_btc]
source = { local = "../price_feed_BTC" }
use_environment = "testnet"
manifest_digest = "C1F5ED8E5F436EA8AFEC19CFDCA6B0BF3D9F5A78D030B021C9D221D3C1371A1F"
deps = { bridge = "Bridge", redstone_price_adapter = "redstone_price_adapter", std = "MoveStdlib", sui = "Sui", sui_system = "SuiSystem" }

[pinned.testnet.price_feed_example]
source = { root = true }
use_environment = "testnet"
manifest_digest = "6A61D97F2276E27120E5D15905EB3F157E5272980D6D976DB1ABFEF59D68EBBA"
deps = { price_feed_btc = "price_feed_btc", price_feed_sui = "price_feed_sui", price_feed_usdc = "price_feed_usdc", redstone_price_adapter = "redstone_price_adapter", std = "MoveStdlib", sui = "Sui" }

[pinned.testnet.price_feed_sui]
source = { local = "../price_feed_SUI" }
use_environment = "testnet"
manifest_digest = "C1F5ED8E5F436EA8AFEC19CFDCA6B0BF3D9F5A78D030B021C9D221D3C1371A1F"
deps = { bridge = "Bridge", redstone_price_adapter = "redstone_price_adapter", std = "MoveStdlib", sui = "Sui", sui_system = "SuiSystem" }

[pinned.testnet.price_feed_usdc]
source = { local = "../price_feed_USDC" }
use_environment = "testnet"
manifest_digest = "C1F5ED8E5F436EA8AFEC19CFDCA6B0BF3D9F5A78D030B021C9D221D3C1371A1F"
deps = { bridge = "Bridge", redstone_price_adapter = "redstone_price_adapter", std = "MoveStdlib", sui = "Sui", sui_system = "SuiSystem" }

[pinned.testnet.redstone_price_adapter]
source = { local = "../price_adapter" }
use_environment = "testnet"
manifest_digest = "5745706258F61D6CE210904B3E6AE87A73CE9D31A6F93BE4718C442529332A87"
deps = { std = "MoveStdlib", sui = "Sui" }
