[[package]]
name = 'core'
source = 'path+from-root-2C66FC65A00ECA96'

[[package]]
name = 'redstone'
source = 'member'
dependencies = [
    'redstone path+from-root-C86A43FDD626737D',
    'std',
]

[[package]]
name = 'redstone'
source = 'path+from-root-C86A43FDD626737D'
dependencies = ['std']

[[package]]
name = 'std'
source = 'git+https://github.com/fuellabs/sway?tag=v0.35.5#49eae2dd93a1957e2a2c2fb3f51b11eb3791fc24'
dependencies = ['core']
