[[package]]
name = "common"
source = "path+from-root-5264D2288144304B"
dependencies = ["std"]

[[package]]
name = "core"
source = "path+from-root-7053AAA90CC5E690"

[[package]]
name = "redstone"
source = "git+https://github.com/redstone-finance/redstone-fuel-sdk?tag=v0.66.2#5aa4ac58f2ebfc6d0a7ffd4b8bdbb509fa87df50"
dependencies = ["std"]

[[package]]
name = "redstone_adapter"
source = "member"
dependencies = [
    "common",
    "redstone",
    "std",
]

[[package]]
name = "std"
source = "git+https://github.com/fuellabs/sway?tag=v0.66.2#31486c0b47669612acb7c64d66ecb50aea281282"
dependencies = ["core"]
