[[package]]
name = "common"
source = "path+from-root-5264D2288144304B"
dependencies = ["std"]

[[package]]
name = "core"
source = "path+from-root-4BA3A18A2D620E67"

[[package]]
name = "redstone"
source = "path+from-root-5264D2288144304B"
dependencies = ["std"]

[[package]]
name = "redstone_adapter"
source = "member"
dependencies = [
    "common",
    "redstone",
    "std",
]

[[package]]
name = "std"
source = "git+https://github.com/fuellabs/sway?tag=v0.64.0#2156bfbbee01ffb85bfca2aae8f185f8e7c715a4"
dependencies = ["core"]
