[[package]]
name = "common"
source = "path+from-root-5264D2288144304B"
dependencies = ["std"]

[[package]]
name = "core"
source = "path+from-root-8357A6DDC5F39D14"

[[package]]
name = "redstone"
source = "git+https://github.com/redstone-finance/redstone-fuel-sdk?branch=sway-0.65.2#7085b728c7c14704e51561048aba4aec109ec042"
dependencies = ["std"]

[[package]]
name = "redstone_adapter"
source = "member"
dependencies = [
    "common",
    "redstone",
    "std",
]

[[package]]
name = "std"
source = "git+https://github.com/fuellabs/sway?tag=v0.65.2#66bb430395daf5b8f7205f7b9d8d008e2e812d54"
dependencies = ["core"]
