# Code generated by scarb DO NOT EDIT.
version = 1

[[package]]
name = "interface"
version = "0.1.0"

[[package]]
name = "price_adapter"
version = "0.1.0"
dependencies = [
 "interface",
 "redstone",
 "utils",
]

[[package]]
name = "redstone"
version = "0.1.0"

[[package]]
name = "utils"
version = "0.1.0"
